# This file is automatically @generated by Cargo.
# It is not intended for manual editing.
[[package]]
name = "aoc-2019-day-10-part-1"
version = "0.1.0"
dependencies = [
 "gcd",
]

[[package]]
name = "gcd"
version = "2.0.1"
source = "registry+https://github.com/rust-lang/crates.io-index"
checksum = "1c7cd301bf2ab11ae4e5bdfd79c221d97a25e46c089144a62ee9d09cb32d2b92"
